
Microsoft Visual Studio Solution File, Format Version 12.00
# Visual Studio 2012
Project("{F184B08F-C81C-45F6-A57F-5ABD9991F28F}") = "CINS137 Projects", "CINS137 Projects\CINS137 Projects.vbproj", "{BC75074C-C4B6-4D38-A47C-B7BFB8C1F6E6}"
EndProject
Project("{E24C65DC-7377-472B-9ABA-BC803B73C61A}") = "CINS 136 Projects", "http://localhost:50639", "{6D217806-E183-4D0C-9073-8AD0E18459DB}"
	ProjectSection(WebsiteProperties) = preProject
		UseIISExpress = "true"
		TargetFrameworkMoniker = ".NETFramework,Version%3Dv2.0"
		Debug.AspNetCompiler.VirtualPath = "/localhost_50639"
		Debug.AspNetCompiler.PhysicalPath = "..\..\WebSites\CINS 136 Projects\"
		Debug.AspNetCompiler.TargetPath = "PrecompiledWeb\localhost_50639\"
		Debug.AspNetCompiler.Updateable = "true"
		Debug.AspNetCompiler.ForceOverwrite = "true"
		Debug.AspNetCompiler.FixedNames = "false"
		Debug.AspNetCompiler.Debug = "True"
		Release.AspNetCompiler.VirtualPath = "/localhost_50639"
		Release.AspNetCompiler.PhysicalPath = "..\..\WebSites\CINS 136 Projects\"
		Release.AspNetCompiler.TargetPath = "PrecompiledWeb\localhost_50639\"
		Release.AspNetCompiler.Updateable = "true"
		Release.AspNetCompiler.ForceOverwrite = "true"
		Release.AspNetCompiler.FixedNames = "false"
		Release.AspNetCompiler.Debug = "False"
		SlnRelativePath = "..\..\WebSites\CINS 136 Projects\"
		DefaultWebSiteLanguage = "Visual Basic"
	EndProjectSection
EndProject
Global
	GlobalSection(SolutionConfigurationPlatforms) = preSolution
		Debug|Any CPU = Debug|Any CPU
		Release|Any CPU = Release|Any CPU
	EndGlobalSection
	GlobalSection(ProjectConfigurationPlatforms) = postSolution
		{BC75074C-C4B6-4D38-A47C-B7BFB8C1F6E6}.Debug|Any CPU.ActiveCfg = Debug|Any CPU
		{BC75074C-C4B6-4D38-A47C-B7BFB8C1F6E6}.Debug|Any CPU.Build.0 = Debug|Any CPU
		{BC75074C-C4B6-4D38-A47C-B7BFB8C1F6E6}.Release|Any CPU.ActiveCfg = Release|Any CPU
		{BC75074C-C4B6-4D38-A47C-B7BFB8C1F6E6}.Release|Any CPU.Build.0 = Release|Any CPU
		{6D217806-E183-4D0C-9073-8AD0E18459DB}.Debug|Any CPU.ActiveCfg = Debug|Any CPU
		{6D217806-E183-4D0C-9073-8AD0E18459DB}.Debug|Any CPU.Build.0 = Debug|Any CPU
		{6D217806-E183-4D0C-9073-8AD0E18459DB}.Release|Any CPU.ActiveCfg = Debug|Any CPU
		{6D217806-E183-4D0C-9073-8AD0E18459DB}.Release|Any CPU.Build.0 = Debug|Any CPU
	EndGlobalSection
	GlobalSection(SolutionProperties) = preSolution
		HideSolutionNode = FALSE
	EndGlobalSection
EndGlobal
